// !$*UTF8*$!
{
	archiveVersion = 1;
	classes = {
	};
	objectVersion = 46;
	objects = {

/* Begin PBXBuildFile section */
		886BEBEE1DEDF2F500F45A7D /* GameObject.cpp in Sources */ = {isa = PBXBuildFile; fileRef = 886BEBEC1DEDF2F500F45A7D /* GameObject.cpp */; };
		886BEC2A1DEDF8CA00F45A7D /* alarma.cpp in Sources */ = {isa = PBXBuildFile; fileRef = 886BEC1C1DEDF8CA00F45A7D /* alarma.cpp */; };
		886BEC2B1DEDF8CA00F45A7D /* camara.cpp in Sources */ = {isa = PBXBuildFile; fileRef = 886BEC1E1DEDF8CA00F45A7D /* camara.cpp */; };
		886BEC2C1DEDF8CA00F45A7D /* enemigos.cpp in Sources */ = {isa = PBXBuildFile; fileRef = 886BEC201DEDF8CA00F45A7D /* enemigos.cpp */; };
		886BEC2D1DEDF8CA00F45A7D /* escenarios.cpp in Sources */ = {isa = PBXBuildFile; fileRef = 886BEC221DEDF8CA00F45A7D /* escenarios.cpp */; };
		886BEC2E1DEDF8CA00F45A7D /* monedas.cpp in Sources */ = {isa = PBXBuildFile; fileRef = 886BEC241DEDF8CA00F45A7D /* monedas.cpp */; };
		886BEC2F1DEDF8CA00F45A7D /* player.cpp in Sources */ = {isa = PBXBuildFile; fileRef = 886BEC261DEDF8CA00F45A7D /* player.cpp */; };
		886BEC301DEDF8CA00F45A7D /* puerta.cpp in Sources */ = {isa = PBXBuildFile; fileRef = 886BEC281DEDF8CA00F45A7D /* puerta.cpp */; };
		E95616EA1DEDF23100DB88AA /* main.cpp in Sources */ = {isa = PBXBuildFile; fileRef = E95616E91DEDF23100DB88AA /* main.cpp */; };
		E95617011DEDF7D600DB88AA /* armasDisparo.cpp in Sources */ = {isa = PBXBuildFile; fileRef = E95616FD1DEDF7D600DB88AA /* armasDisparo.cpp */; };
		E95617021DEDF7D600DB88AA /* input.cpp in Sources */ = {isa = PBXBuildFile; fileRef = E95616FF1DEDF7D600DB88AA /* input.cpp */; };
		E95617081DEDF84500DB88AA /* component.cpp in Sources */ = {isa = PBXBuildFile; fileRef = E95617061DEDF84500DB88AA /* component.cpp */; };
/* End PBXBuildFile section */

/* Begin PBXCopyFilesBuildPhase section */
		E95616E41DEDF23100DB88AA /* CopyFiles */ = {
			isa = PBXCopyFilesBuildPhase;
			buildActionMask = 2147483647;
			dstPath = /usr/share/man/man1/;
			dstSubfolderSpec = 0;
			files = (
			);
			runOnlyForDeploymentPostprocessing = 1;
		};
/* End PBXCopyFilesBuildPhase section */

/* Begin PBXFileReference section */
		886BEBEC1DEDF2F500F45A7D /* GameObject.cpp */ = {isa = PBXFileReference; fileEncoding = 4; lastKnownFileType = sourcecode.cpp.cpp; path = GameObject.cpp; sourceTree = "<group>"; };
		886BEBED1DEDF2F500F45A7D /* GameObject.hpp */ = {isa = PBXFileReference; fileEncoding = 4; lastKnownFileType = sourcecode.cpp.h; path = GameObject.hpp; sourceTree = "<group>"; };
		886BEC1C1DEDF8CA00F45A7D /* alarma.cpp */ = {isa = PBXFileReference; fileEncoding = 4; lastKnownFileType = sourcecode.cpp.cpp; path = alarma.cpp; sourceTree = "<group>"; };
		886BEC1D1DEDF8CA00F45A7D /* alarma.hpp */ = {isa = PBXFileReference; fileEncoding = 4; lastKnownFileType = sourcecode.cpp.h; path = alarma.hpp; sourceTree = "<group>"; };
		886BEC1E1DEDF8CA00F45A7D /* camara.cpp */ = {isa = PBXFileReference; fileEncoding = 4; lastKnownFileType = sourcecode.cpp.cpp; path = camara.cpp; sourceTree = "<group>"; };
		886BEC1F1DEDF8CA00F45A7D /* camara.hpp */ = {isa = PBXFileReference; fileEncoding = 4; lastKnownFileType = sourcecode.cpp.h; path = camara.hpp; sourceTree = "<group>"; };
		886BEC201DEDF8CA00F45A7D /* enemigos.cpp */ = {isa = PBXFileReference; fileEncoding = 4; lastKnownFileType = sourcecode.cpp.cpp; path = enemigos.cpp; sourceTree = "<group>"; };
		886BEC211DEDF8CA00F45A7D /* enemigos.hpp */ = {isa = PBXFileReference; fileEncoding = 4; lastKnownFileType = sourcecode.cpp.h; path = enemigos.hpp; sourceTree = "<group>"; };
		886BEC221DEDF8CA00F45A7D /* escenarios.cpp */ = {isa = PBXFileReference; fileEncoding = 4; lastKnownFileType = sourcecode.cpp.cpp; path = escenarios.cpp; sourceTree = "<group>"; };
		886BEC231DEDF8CA00F45A7D /* escenarios.hpp */ = {isa = PBXFileReference; fileEncoding = 4; lastKnownFileType = sourcecode.cpp.h; path = escenarios.hpp; sourceTree = "<group>"; };
		886BEC241DEDF8CA00F45A7D /* monedas.cpp */ = {isa = PBXFileReference; fileEncoding = 4; lastKnownFileType = sourcecode.cpp.cpp; path = monedas.cpp; sourceTree = "<group>"; };
		886BEC251DEDF8CA00F45A7D /* monedas.hpp */ = {isa = PBXFileReference; fileEncoding = 4; lastKnownFileType = sourcecode.cpp.h; path = monedas.hpp; sourceTree = "<group>"; };
		886BEC261DEDF8CA00F45A7D /* player.cpp */ = {isa = PBXFileReference; fileEncoding = 4; lastKnownFileType = sourcecode.cpp.cpp; path = player.cpp; sourceTree = "<group>"; };
		886BEC271DEDF8CA00F45A7D /* player.hpp */ = {isa = PBXFileReference; fileEncoding = 4; lastKnownFileType = sourcecode.cpp.h; path = player.hpp; sourceTree = "<group>"; };
		886BEC281DEDF8CA00F45A7D /* puerta.cpp */ = {isa = PBXFileReference; fileEncoding = 4; lastKnownFileType = sourcecode.cpp.cpp; path = puerta.cpp; sourceTree = "<group>"; };
		886BEC291DEDF8CA00F45A7D /* puerta.hpp */ = {isa = PBXFileReference; fileEncoding = 4; lastKnownFileType = sourcecode.cpp.h; path = puerta.hpp; sourceTree = "<group>"; };
		E95616E61DEDF23100DB88AA /* arquitectura */ = {isa = PBXFileReference; explicitFileType = "compiled.mach-o.executable"; includeInIndex = 0; path = arquitectura; sourceTree = BUILT_PRODUCTS_DIR; };
		E95616E91DEDF23100DB88AA /* main.cpp */ = {isa = PBXFileReference; lastKnownFileType = sourcecode.cpp.cpp; path = main.cpp; sourceTree = "<group>"; };
		E95616FD1DEDF7D600DB88AA /* armasDisparo.cpp */ = {isa = PBXFileReference; fileEncoding = 4; lastKnownFileType = sourcecode.cpp.cpp; path = armasDisparo.cpp; sourceTree = "<group>"; };
		E95616FE1DEDF7D600DB88AA /* armasDisparo.hpp */ = {isa = PBXFileReference; fileEncoding = 4; lastKnownFileType = sourcecode.cpp.h; path = armasDisparo.hpp; sourceTree = "<group>"; };
		E95616FF1DEDF7D600DB88AA /* input.cpp */ = {isa = PBXFileReference; fileEncoding = 4; lastKnownFileType = sourcecode.cpp.cpp; path = input.cpp; sourceTree = "<group>"; };
		E95617001DEDF7D600DB88AA /* input.hpp */ = {isa = PBXFileReference; fileEncoding = 4; lastKnownFileType = sourcecode.cpp.h; path = input.hpp; sourceTree = "<group>"; };
		E95617061DEDF84500DB88AA /* component.cpp */ = {isa = PBXFileReference; fileEncoding = 4; lastKnownFileType = sourcecode.cpp.cpp; path = component.cpp; sourceTree = "<group>"; };
		E95617071DEDF84500DB88AA /* component.hpp */ = {isa = PBXFileReference; fileEncoding = 4; lastKnownFileType = sourcecode.cpp.h; path = component.hpp; sourceTree = "<group>"; };
/* End PBXFileReference section */

/* Begin PBXFrameworksBuildPhase section */
		E95616E31DEDF23100DB88AA /* Frameworks */ = {
			isa = PBXFrameworksBuildPhase;
			buildActionMask = 2147483647;
			files = (
			);
			runOnlyForDeploymentPostprocessing = 0;
		};
/* End PBXFrameworksBuildPhase section */

/* Begin PBXGroup section */
		886BEC1B1DEDF8CA00F45A7D /* objetos */ = {
			isa = PBXGroup;
			children = (
				886BEC1C1DEDF8CA00F45A7D /* alarma.cpp */,
				886BEC1D1DEDF8CA00F45A7D /* alarma.hpp */,
				886BEC1E1DEDF8CA00F45A7D /* camara.cpp */,
				886BEC1F1DEDF8CA00F45A7D /* camara.hpp */,
				886BEC201DEDF8CA00F45A7D /* enemigos.cpp */,
				886BEC211DEDF8CA00F45A7D /* enemigos.hpp */,
				886BEC221DEDF8CA00F45A7D /* escenarios.cpp */,
				886BEC231DEDF8CA00F45A7D /* escenarios.hpp */,
				886BEC241DEDF8CA00F45A7D /* monedas.cpp */,
				886BEC251DEDF8CA00F45A7D /* monedas.hpp */,
				886BEC261DEDF8CA00F45A7D /* player.cpp */,
				886BEC271DEDF8CA00F45A7D /* player.hpp */,
				886BEC281DEDF8CA00F45A7D /* puerta.cpp */,
				886BEC291DEDF8CA00F45A7D /* puerta.hpp */,
			);
			path = objetos;
			sourceTree = "<group>";
		};
		E95616DD1DEDF23100DB88AA = {
			isa = PBXGroup;
			children = (
				E95616E81DEDF23100DB88AA /* arquitectura */,
				E95616E71DEDF23100DB88AA /* Products */,
			);
			sourceTree = "<group>";
		};
		E95616E71DEDF23100DB88AA /* Products */ = {
			isa = PBXGroup;
			children = (
				E95616E61DEDF23100DB88AA /* arquitectura */,
			);
			name = Products;
			sourceTree = "<group>";
		};
		E95616E81DEDF23100DB88AA /* arquitectura */ = {
			isa = PBXGroup;
			children = (
<<<<<<< HEAD
				E95616FC1DEDF7D600DB88AA /* components */,
				E95616E91DEDF23100DB88AA /* main.cpp */,
				E95617061DEDF84500DB88AA /* component.cpp */,
				E95617071DEDF84500DB88AA /* component.hpp */,
=======
				886BEC1B1DEDF8CA00F45A7D /* objetos */,
				E95616E91DEDF23100DB88AA /* main.cpp */,
				886BEBEC1DEDF2F500F45A7D /* GameObject.cpp */,
				886BEBED1DEDF2F500F45A7D /* GameObject.hpp */,
>>>>>>> origin/arquitectura
			);
			path = arquitectura;
			sourceTree = "<group>";
		};
		E95616FC1DEDF7D600DB88AA /* components */ = {
			isa = PBXGroup;
			children = (
				E95616FD1DEDF7D600DB88AA /* armasDisparo.cpp */,
				E95616FE1DEDF7D600DB88AA /* armasDisparo.hpp */,
				E95616FF1DEDF7D600DB88AA /* input.cpp */,
				E95617001DEDF7D600DB88AA /* input.hpp */,
			);
			path = components;
			sourceTree = "<group>";
		};
/* End PBXGroup section */

/* Begin PBXNativeTarget section */
		E95616E51DEDF23100DB88AA /* arquitectura */ = {
			isa = PBXNativeTarget;
			buildConfigurationList = E95616ED1DEDF23100DB88AA /* Build configuration list for PBXNativeTarget "arquitectura" */;
			buildPhases = (
				E95616E21DEDF23100DB88AA /* Sources */,
				E95616E31DEDF23100DB88AA /* Frameworks */,
				E95616E41DEDF23100DB88AA /* CopyFiles */,
			);
			buildRules = (
			);
			dependencies = (
			);
			name = arquitectura;
			productName = arquitectura;
			productReference = E95616E61DEDF23100DB88AA /* arquitectura */;
			productType = "com.apple.product-type.tool";
		};
/* End PBXNativeTarget section */

/* Begin PBXProject section */
		E95616DE1DEDF23100DB88AA /* Project object */ = {
			isa = PBXProject;
			attributes = {
				LastUpgradeCheck = 0800;
				ORGANIZATIONNAME = "Stoycho Ivanov Atanasov";
				TargetAttributes = {
					E95616E51DEDF23100DB88AA = {
						CreatedOnToolsVersion = 8.0;
						ProvisioningStyle = Automatic;
					};
				};
			};
			buildConfigurationList = E95616E11DEDF23100DB88AA /* Build configuration list for PBXProject "arquitectura" */;
			compatibilityVersion = "Xcode 3.2";
			developmentRegion = English;
			hasScannedForEncodings = 0;
			knownRegions = (
				en,
			);
			mainGroup = E95616DD1DEDF23100DB88AA;
			productRefGroup = E95616E71DEDF23100DB88AA /* Products */;
			projectDirPath = "";
			projectRoot = "";
			targets = (
				E95616E51DEDF23100DB88AA /* arquitectura */,
			);
		};
/* End PBXProject section */

/* Begin PBXSourcesBuildPhase section */
		E95616E21DEDF23100DB88AA /* Sources */ = {
			isa = PBXSourcesBuildPhase;
			buildActionMask = 2147483647;
			files = (
				886BEC2F1DEDF8CA00F45A7D /* player.cpp in Sources */,
				886BEC2B1DEDF8CA00F45A7D /* camara.cpp in Sources */,
				886BEC2E1DEDF8CA00F45A7D /* monedas.cpp in Sources */,
				886BEC301DEDF8CA00F45A7D /* puerta.cpp in Sources */,
				886BEC2D1DEDF8CA00F45A7D /* escenarios.cpp in Sources */,
				886BEBEE1DEDF2F500F45A7D /* GameObject.cpp in Sources */,
				886BEC2A1DEDF8CA00F45A7D /* alarma.cpp in Sources */,
				886BEC2C1DEDF8CA00F45A7D /* enemigos.cpp in Sources */,
				E95616EA1DEDF23100DB88AA /* main.cpp in Sources */,
				E95617081DEDF84500DB88AA /* component.cpp in Sources */,
				E95617021DEDF7D600DB88AA /* input.cpp in Sources */,
				E95617011DEDF7D600DB88AA /* armasDisparo.cpp in Sources */,
			);
			runOnlyForDeploymentPostprocessing = 0;
		};
/* End PBXSourcesBuildPhase section */

/* Begin XCBuildConfiguration section */
		E95616EB1DEDF23100DB88AA /* Debug */ = {
			isa = XCBuildConfiguration;
			buildSettings = {
				ALWAYS_SEARCH_USER_PATHS = NO;
				CLANG_ANALYZER_NONNULL = YES;
				CLANG_CXX_LANGUAGE_STANDARD = "gnu++0x";
				CLANG_CXX_LIBRARY = "libc++";
				CLANG_ENABLE_MODULES = YES;
				CLANG_ENABLE_OBJC_ARC = YES;
				CLANG_WARN_BOOL_CONVERSION = YES;
				CLANG_WARN_CONSTANT_CONVERSION = YES;
				CLANG_WARN_DIRECT_OBJC_ISA_USAGE = YES_ERROR;
				CLANG_WARN_DOCUMENTATION_COMMENTS = YES;
				CLANG_WARN_EMPTY_BODY = YES;
				CLANG_WARN_ENUM_CONVERSION = YES;
				CLANG_WARN_INFINITE_RECURSION = YES;
				CLANG_WARN_INT_CONVERSION = YES;
				CLANG_WARN_OBJC_ROOT_CLASS = YES_ERROR;
				CLANG_WARN_SUSPICIOUS_MOVES = YES;
				CLANG_WARN_UNREACHABLE_CODE = YES;
				CLANG_WARN__DUPLICATE_METHOD_MATCH = YES;
				CODE_SIGN_IDENTITY = "-";
				COPY_PHASE_STRIP = NO;
				DEBUG_INFORMATION_FORMAT = dwarf;
				ENABLE_STRICT_OBJC_MSGSEND = YES;
				ENABLE_TESTABILITY = YES;
				GCC_C_LANGUAGE_STANDARD = gnu99;
				GCC_DYNAMIC_NO_PIC = NO;
				GCC_NO_COMMON_BLOCKS = YES;
				GCC_OPTIMIZATION_LEVEL = 0;
				GCC_PREPROCESSOR_DEFINITIONS = (
					"DEBUG=1",
					"$(inherited)",
				);
				GCC_WARN_64_TO_32_BIT_CONVERSION = YES;
				GCC_WARN_ABOUT_RETURN_TYPE = YES_ERROR;
				GCC_WARN_UNDECLARED_SELECTOR = YES;
				GCC_WARN_UNINITIALIZED_AUTOS = YES_AGGRESSIVE;
				GCC_WARN_UNUSED_FUNCTION = YES;
				GCC_WARN_UNUSED_VARIABLE = YES;
				MACOSX_DEPLOYMENT_TARGET = 10.11;
				MTL_ENABLE_DEBUG_INFO = YES;
				ONLY_ACTIVE_ARCH = YES;
				SDKROOT = macosx;
			};
			name = Debug;
		};
		E95616EC1DEDF23100DB88AA /* Release */ = {
			isa = XCBuildConfiguration;
			buildSettings = {
				ALWAYS_SEARCH_USER_PATHS = NO;
				CLANG_ANALYZER_NONNULL = YES;
				CLANG_CXX_LANGUAGE_STANDARD = "gnu++0x";
				CLANG_CXX_LIBRARY = "libc++";
				CLANG_ENABLE_MODULES = YES;
				CLANG_ENABLE_OBJC_ARC = YES;
				CLANG_WARN_BOOL_CONVERSION = YES;
				CLANG_WARN_CONSTANT_CONVERSION = YES;
				CLANG_WARN_DIRECT_OBJC_ISA_USAGE = YES_ERROR;
				CLANG_WARN_DOCUMENTATION_COMMENTS = YES;
				CLANG_WARN_EMPTY_BODY = YES;
				CLANG_WARN_ENUM_CONVERSION = YES;
				CLANG_WARN_INFINITE_RECURSION = YES;
				CLANG_WARN_INT_CONVERSION = YES;
				CLANG_WARN_OBJC_ROOT_CLASS = YES_ERROR;
				CLANG_WARN_SUSPICIOUS_MOVES = YES;
				CLANG_WARN_UNREACHABLE_CODE = YES;
				CLANG_WARN__DUPLICATE_METHOD_MATCH = YES;
				CODE_SIGN_IDENTITY = "-";
				COPY_PHASE_STRIP = NO;
				DEBUG_INFORMATION_FORMAT = "dwarf-with-dsym";
				ENABLE_NS_ASSERTIONS = NO;
				ENABLE_STRICT_OBJC_MSGSEND = YES;
				GCC_C_LANGUAGE_STANDARD = gnu99;
				GCC_NO_COMMON_BLOCKS = YES;
				GCC_WARN_64_TO_32_BIT_CONVERSION = YES;
				GCC_WARN_ABOUT_RETURN_TYPE = YES_ERROR;
				GCC_WARN_UNDECLARED_SELECTOR = YES;
				GCC_WARN_UNINITIALIZED_AUTOS = YES_AGGRESSIVE;
				GCC_WARN_UNUSED_FUNCTION = YES;
				GCC_WARN_UNUSED_VARIABLE = YES;
				MACOSX_DEPLOYMENT_TARGET = 10.11;
				MTL_ENABLE_DEBUG_INFO = NO;
				SDKROOT = macosx;
			};
			name = Release;
		};
		E95616EE1DEDF23100DB88AA /* Debug */ = {
			isa = XCBuildConfiguration;
			buildSettings = {
				PRODUCT_NAME = "$(TARGET_NAME)";
			};
			name = Debug;
		};
		E95616EF1DEDF23100DB88AA /* Release */ = {
			isa = XCBuildConfiguration;
			buildSettings = {
				PRODUCT_NAME = "$(TARGET_NAME)";
			};
			name = Release;
		};
/* End XCBuildConfiguration section */

/* Begin XCConfigurationList section */
		E95616E11DEDF23100DB88AA /* Build configuration list for PBXProject "arquitectura" */ = {
			isa = XCConfigurationList;
			buildConfigurations = (
				E95616EB1DEDF23100DB88AA /* Debug */,
				E95616EC1DEDF23100DB88AA /* Release */,
			);
			defaultConfigurationIsVisible = 0;
			defaultConfigurationName = Release;
		};
		E95616ED1DEDF23100DB88AA /* Build configuration list for PBXNativeTarget "arquitectura" */ = {
			isa = XCConfigurationList;
			buildConfigurations = (
				E95616EE1DEDF23100DB88AA /* Debug */,
				E95616EF1DEDF23100DB88AA /* Release */,
			);
			defaultConfigurationIsVisible = 0;
			defaultConfigurationName = Release;
		};
/* End XCConfigurationList section */
	};
	rootObject = E95616DE1DEDF23100DB88AA /* Project object */;
}
