// !$*UTF8*$!
{
	archiveVersion = 1;
	classes = {
	};
	objectVersion = 46;
	objects = {

/* Begin PBXBuildFile section */
		886BEC331DEDFFA100F45A7D /* pala.cpp in Sources */ = {isa = PBXBuildFile; fileRef = 886BEC311DEDFFA100F45A7D /* pala.cpp */; };
		886BEC361DEDFFCE00F45A7D /* armasArrojadizas.cpp in Sources */ = {isa = PBXBuildFile; fileRef = 886BEC341DEDFFCE00F45A7D /* armasArrojadizas.cpp */; };
		886BEC391DEDFFF900F45A7D /* piedra.cpp in Sources */ = {isa = PBXBuildFile; fileRef = 886BEC371DEDFFF900F45A7D /* piedra.cpp */; };
		886BEC3C1DEE002300F45A7D /* habilidadEspecial.cpp in Sources */ = {isa = PBXBuildFile; fileRef = 886BEC3A1DEE002300F45A7D /* habilidadEspecial.cpp */; };
		886BEC3F1DEE006C00F45A7D /* martilloDeJuguete.cpp in Sources */ = {isa = PBXBuildFile; fileRef = 886BEC3D1DEE006C00F45A7D /* martilloDeJuguete.cpp */; };
		886BEC421DEE00B300F45A7D /* IAEnemigos.cpp in Sources */ = {isa = PBXBuildFile; fileRef = 886BEC401DEE00B300F45A7D /* IAEnemigos.cpp */; };
		886BEC451DEE010900F45A7D /* sed.cpp in Sources */ = {isa = PBXBuildFile; fileRef = 886BEC431DEE010900F45A7D /* sed.cpp */; };
		886BEC481DEE013600F45A7D /* hambre.cpp in Sources */ = {isa = PBXBuildFile; fileRef = 886BEC461DEE013600F45A7D /* hambre.cpp */; };
		886BEC4B1DEE016100F45A7D /* ataque.cpp in Sources */ = {isa = PBXBuildFile; fileRef = 886BEC491DEE016100F45A7D /* ataque.cpp */; };
		886BEC4E1DEE01A300F45A7D /* IACamara.cpp in Sources */ = {isa = PBXBuildFile; fileRef = 886BEC4C1DEE01A300F45A7D /* IACamara.cpp */; };
		886BEC511DEE01D700F45A7D /* Physics.cpp in Sources */ = {isa = PBXBuildFile; fileRef = 886BEC4F1DEE01D700F45A7D /* Physics.cpp */; };
		886BEC541DEE020800F45A7D /* position.cpp in Sources */ = {isa = PBXBuildFile; fileRef = 886BEC521DEE020800F45A7D /* position.cpp */; };
		886BEC571DEE023700F45A7D /* render.cpp in Sources */ = {isa = PBXBuildFile; fileRef = 886BEC551DEE023700F45A7D /* render.cpp */; };
		E95617161DEDFD9400DB88AA /* main.cpp in Sources */ = {isa = PBXBuildFile; fileRef = E95617151DEDFD9400DB88AA /* main.cpp */; };
		E95617301DEDFDDD00DB88AA /* armasDisparo.cpp in Sources */ = {isa = PBXBuildFile; fileRef = E956171D1DEDFDDD00DB88AA /* armasDisparo.cpp */; };
		E95617311DEDFDDD00DB88AA /* input.cpp in Sources */ = {isa = PBXBuildFile; fileRef = E956171F1DEDFDDD00DB88AA /* input.cpp */; };
		E95617321DEDFDDD00DB88AA /* alarma.cpp in Sources */ = {isa = PBXBuildFile; fileRef = E95617221DEDFDDD00DB88AA /* alarma.cpp */; };
		E95617331DEDFDDD00DB88AA /* camara.cpp in Sources */ = {isa = PBXBuildFile; fileRef = E95617241DEDFDDD00DB88AA /* camara.cpp */; };
		E95617341DEDFDDD00DB88AA /* enemigos.cpp in Sources */ = {isa = PBXBuildFile; fileRef = E95617261DEDFDDD00DB88AA /* enemigos.cpp */; };
		E95617351DEDFDDD00DB88AA /* escenarios.cpp in Sources */ = {isa = PBXBuildFile; fileRef = E95617281DEDFDDD00DB88AA /* escenarios.cpp */; };
		E95617361DEDFDDD00DB88AA /* monedas.cpp in Sources */ = {isa = PBXBuildFile; fileRef = E956172A1DEDFDDD00DB88AA /* monedas.cpp */; };
		E95617371DEDFDDD00DB88AA /* player.cpp in Sources */ = {isa = PBXBuildFile; fileRef = E956172C1DEDFDDD00DB88AA /* player.cpp */; };
		E95617381DEDFDDD00DB88AA /* puerta.cpp in Sources */ = {isa = PBXBuildFile; fileRef = E956172E1DEDFDDD00DB88AA /* puerta.cpp */; };
		E956173B1DEDFE4F00DB88AA /* component.cpp in Sources */ = {isa = PBXBuildFile; fileRef = E95617391DEDFE4F00DB88AA /* component.cpp */; };
		E956173E1DEDFE5600DB88AA /* GameObject.cpp in Sources */ = {isa = PBXBuildFile; fileRef = E956173C1DEDFE5600DB88AA /* GameObject.cpp */; };
/* End PBXBuildFile section */

/* Begin PBXCopyFilesBuildPhase section */
		E95617101DEDFD9400DB88AA /* CopyFiles */ = {
			isa = PBXCopyFilesBuildPhase;
			buildActionMask = 2147483647;
			dstPath = /usr/share/man/man1/;
			dstSubfolderSpec = 0;
			files = (
			);
			runOnlyForDeploymentPostprocessing = 1;
		};
/* End PBXCopyFilesBuildPhase section */

/* Begin PBXFileReference section */
		886BEC311DEDFFA100F45A7D /* pala.cpp */ = {isa = PBXFileReference; fileEncoding = 4; lastKnownFileType = sourcecode.cpp.cpp; path = pala.cpp; sourceTree = "<group>"; };
		886BEC321DEDFFA100F45A7D /* pala.hpp */ = {isa = PBXFileReference; fileEncoding = 4; lastKnownFileType = sourcecode.cpp.h; path = pala.hpp; sourceTree = "<group>"; };
		886BEC341DEDFFCE00F45A7D /* armasArrojadizas.cpp */ = {isa = PBXFileReference; fileEncoding = 4; lastKnownFileType = sourcecode.cpp.cpp; path = armasArrojadizas.cpp; sourceTree = "<group>"; };
		886BEC351DEDFFCE00F45A7D /* armasArrojadizas.hpp */ = {isa = PBXFileReference; fileEncoding = 4; lastKnownFileType = sourcecode.cpp.h; path = armasArrojadizas.hpp; sourceTree = "<group>"; };
		886BEC371DEDFFF900F45A7D /* piedra.cpp */ = {isa = PBXFileReference; fileEncoding = 4; lastKnownFileType = sourcecode.cpp.cpp; path = piedra.cpp; sourceTree = "<group>"; };
		886BEC381DEDFFF900F45A7D /* piedra.hpp */ = {isa = PBXFileReference; fileEncoding = 4; lastKnownFileType = sourcecode.cpp.h; path = piedra.hpp; sourceTree = "<group>"; };
		886BEC3A1DEE002300F45A7D /* habilidadEspecial.cpp */ = {isa = PBXFileReference; fileEncoding = 4; lastKnownFileType = sourcecode.cpp.cpp; path = habilidadEspecial.cpp; sourceTree = "<group>"; };
		886BEC3B1DEE002300F45A7D /* habilidadEspecial.hpp */ = {isa = PBXFileReference; fileEncoding = 4; lastKnownFileType = sourcecode.cpp.h; path = habilidadEspecial.hpp; sourceTree = "<group>"; };
		886BEC3D1DEE006C00F45A7D /* martilloDeJuguete.cpp */ = {isa = PBXFileReference; fileEncoding = 4; lastKnownFileType = sourcecode.cpp.cpp; path = martilloDeJuguete.cpp; sourceTree = "<group>"; };
		886BEC3E1DEE006C00F45A7D /* martilloDeJuguete.hpp */ = {isa = PBXFileReference; fileEncoding = 4; lastKnownFileType = sourcecode.cpp.h; path = martilloDeJuguete.hpp; sourceTree = "<group>"; };
		886BEC401DEE00B300F45A7D /* IAEnemigos.cpp */ = {isa = PBXFileReference; fileEncoding = 4; lastKnownFileType = sourcecode.cpp.cpp; path = IAEnemigos.cpp; sourceTree = "<group>"; };
		886BEC411DEE00B300F45A7D /* IAEnemigos.hpp */ = {isa = PBXFileReference; fileEncoding = 4; lastKnownFileType = sourcecode.cpp.h; path = IAEnemigos.hpp; sourceTree = "<group>"; };
		886BEC431DEE010900F45A7D /* sed.cpp */ = {isa = PBXFileReference; fileEncoding = 4; lastKnownFileType = sourcecode.cpp.cpp; path = sed.cpp; sourceTree = "<group>"; };
		886BEC441DEE010900F45A7D /* sed.hpp */ = {isa = PBXFileReference; fileEncoding = 4; lastKnownFileType = sourcecode.cpp.h; path = sed.hpp; sourceTree = "<group>"; };
		886BEC461DEE013600F45A7D /* hambre.cpp */ = {isa = PBXFileReference; fileEncoding = 4; lastKnownFileType = sourcecode.cpp.cpp; path = hambre.cpp; sourceTree = "<group>"; };
		886BEC471DEE013600F45A7D /* hambre.hpp */ = {isa = PBXFileReference; fileEncoding = 4; lastKnownFileType = sourcecode.cpp.h; path = hambre.hpp; sourceTree = "<group>"; };
		886BEC491DEE016100F45A7D /* ataque.cpp */ = {isa = PBXFileReference; fileEncoding = 4; lastKnownFileType = sourcecode.cpp.cpp; path = ataque.cpp; sourceTree = "<group>"; };
		886BEC4A1DEE016100F45A7D /* ataque.hpp */ = {isa = PBXFileReference; fileEncoding = 4; lastKnownFileType = sourcecode.cpp.h; path = ataque.hpp; sourceTree = "<group>"; };
		886BEC4C1DEE01A300F45A7D /* IACamara.cpp */ = {isa = PBXFileReference; fileEncoding = 4; lastKnownFileType = sourcecode.cpp.cpp; path = IACamara.cpp; sourceTree = "<group>"; };
		886BEC4D1DEE01A300F45A7D /* IACamara.hpp */ = {isa = PBXFileReference; fileEncoding = 4; lastKnownFileType = sourcecode.cpp.h; path = IACamara.hpp; sourceTree = "<group>"; };
		886BEC4F1DEE01D700F45A7D /* Physics.cpp */ = {isa = PBXFileReference; fileEncoding = 4; lastKnownFileType = sourcecode.cpp.cpp; path = Physics.cpp; sourceTree = "<group>"; };
		886BEC501DEE01D700F45A7D /* Physics.hpp */ = {isa = PBXFileReference; fileEncoding = 4; lastKnownFileType = sourcecode.cpp.h; path = Physics.hpp; sourceTree = "<group>"; };
		886BEC521DEE020800F45A7D /* position.cpp */ = {isa = PBXFileReference; fileEncoding = 4; lastKnownFileType = sourcecode.cpp.cpp; path = position.cpp; sourceTree = "<group>"; };
		886BEC531DEE020800F45A7D /* position.hpp */ = {isa = PBXFileReference; fileEncoding = 4; lastKnownFileType = sourcecode.cpp.h; path = position.hpp; sourceTree = "<group>"; };
		886BEC551DEE023700F45A7D /* render.cpp */ = {isa = PBXFileReference; fileEncoding = 4; lastKnownFileType = sourcecode.cpp.cpp; path = render.cpp; sourceTree = "<group>"; };
		886BEC561DEE023700F45A7D /* render.hpp */ = {isa = PBXFileReference; fileEncoding = 4; lastKnownFileType = sourcecode.cpp.h; path = render.hpp; sourceTree = "<group>"; };
		E95617121DEDFD9400DB88AA /* arquitectura */ = {isa = PBXFileReference; explicitFileType = "compiled.mach-o.executable"; includeInIndex = 0; path = arquitectura; sourceTree = BUILT_PRODUCTS_DIR; };
		E95617151DEDFD9400DB88AA /* main.cpp */ = {isa = PBXFileReference; lastKnownFileType = sourcecode.cpp.cpp; path = main.cpp; sourceTree = "<group>"; };
		E956171D1DEDFDDD00DB88AA /* armasDisparo.cpp */ = {isa = PBXFileReference; fileEncoding = 4; lastKnownFileType = sourcecode.cpp.cpp; path = armasDisparo.cpp; sourceTree = "<group>"; };
		E956171E1DEDFDDD00DB88AA /* armasDisparo.hpp */ = {isa = PBXFileReference; fileEncoding = 4; lastKnownFileType = sourcecode.cpp.h; path = armasDisparo.hpp; sourceTree = "<group>"; };
		E956171F1DEDFDDD00DB88AA /* input.cpp */ = {isa = PBXFileReference; fileEncoding = 4; lastKnownFileType = sourcecode.cpp.cpp; path = input.cpp; sourceTree = "<group>"; };
		E95617201DEDFDDD00DB88AA /* input.hpp */ = {isa = PBXFileReference; fileEncoding = 4; lastKnownFileType = sourcecode.cpp.h; path = input.hpp; sourceTree = "<group>"; };
		E95617221DEDFDDD00DB88AA /* alarma.cpp */ = {isa = PBXFileReference; fileEncoding = 4; lastKnownFileType = sourcecode.cpp.cpp; path = alarma.cpp; sourceTree = "<group>"; };
		E95617231DEDFDDD00DB88AA /* alarma.hpp */ = {isa = PBXFileReference; fileEncoding = 4; lastKnownFileType = sourcecode.cpp.h; path = alarma.hpp; sourceTree = "<group>"; };
		E95617241DEDFDDD00DB88AA /* camara.cpp */ = {isa = PBXFileReference; fileEncoding = 4; lastKnownFileType = sourcecode.cpp.cpp; path = camara.cpp; sourceTree = "<group>"; };
		E95617251DEDFDDD00DB88AA /* camara.hpp */ = {isa = PBXFileReference; fileEncoding = 4; lastKnownFileType = sourcecode.cpp.h; path = camara.hpp; sourceTree = "<group>"; };
		E95617261DEDFDDD00DB88AA /* enemigos.cpp */ = {isa = PBXFileReference; fileEncoding = 4; lastKnownFileType = sourcecode.cpp.cpp; path = enemigos.cpp; sourceTree = "<group>"; };
		E95617271DEDFDDD00DB88AA /* enemigos.hpp */ = {isa = PBXFileReference; fileEncoding = 4; lastKnownFileType = sourcecode.cpp.h; path = enemigos.hpp; sourceTree = "<group>"; };
		E95617281DEDFDDD00DB88AA /* escenarios.cpp */ = {isa = PBXFileReference; fileEncoding = 4; lastKnownFileType = sourcecode.cpp.cpp; path = escenarios.cpp; sourceTree = "<group>"; };
		E95617291DEDFDDD00DB88AA /* escenarios.hpp */ = {isa = PBXFileReference; fileEncoding = 4; lastKnownFileType = sourcecode.cpp.h; path = escenarios.hpp; sourceTree = "<group>"; };
		E956172A1DEDFDDD00DB88AA /* monedas.cpp */ = {isa = PBXFileReference; fileEncoding = 4; lastKnownFileType = sourcecode.cpp.cpp; path = monedas.cpp; sourceTree = "<group>"; };
		E956172B1DEDFDDD00DB88AA /* monedas.hpp */ = {isa = PBXFileReference; fileEncoding = 4; lastKnownFileType = sourcecode.cpp.h; path = monedas.hpp; sourceTree = "<group>"; };
		E956172C1DEDFDDD00DB88AA /* player.cpp */ = {isa = PBXFileReference; fileEncoding = 4; lastKnownFileType = sourcecode.cpp.cpp; path = player.cpp; sourceTree = "<group>"; };
		E956172D1DEDFDDD00DB88AA /* player.hpp */ = {isa = PBXFileReference; fileEncoding = 4; lastKnownFileType = sourcecode.cpp.h; path = player.hpp; sourceTree = "<group>"; };
		E956172E1DEDFDDD00DB88AA /* puerta.cpp */ = {isa = PBXFileReference; fileEncoding = 4; lastKnownFileType = sourcecode.cpp.cpp; path = puerta.cpp; sourceTree = "<group>"; };
		E956172F1DEDFDDD00DB88AA /* puerta.hpp */ = {isa = PBXFileReference; fileEncoding = 4; lastKnownFileType = sourcecode.cpp.h; path = puerta.hpp; sourceTree = "<group>"; };
		E95617391DEDFE4F00DB88AA /* component.cpp */ = {isa = PBXFileReference; fileEncoding = 4; lastKnownFileType = sourcecode.cpp.cpp; path = component.cpp; sourceTree = "<group>"; };
		E956173A1DEDFE4F00DB88AA /* component.hpp */ = {isa = PBXFileReference; fileEncoding = 4; lastKnownFileType = sourcecode.cpp.h; path = component.hpp; sourceTree = "<group>"; };
		E956173C1DEDFE5600DB88AA /* GameObject.cpp */ = {isa = PBXFileReference; fileEncoding = 4; lastKnownFileType = sourcecode.cpp.cpp; path = GameObject.cpp; sourceTree = "<group>"; };
		E956173D1DEDFE5600DB88AA /* GameObject.hpp */ = {isa = PBXFileReference; fileEncoding = 4; lastKnownFileType = sourcecode.cpp.h; path = GameObject.hpp; sourceTree = "<group>"; };
/* End PBXFileReference section */

/* Begin PBXFrameworksBuildPhase section */
		E956170F1DEDFD9400DB88AA /* Frameworks */ = {
			isa = PBXFrameworksBuildPhase;
			buildActionMask = 2147483647;
			files = (
			);
			runOnlyForDeploymentPostprocessing = 0;
		};
/* End PBXFrameworksBuildPhase section */

/* Begin PBXGroup section */
		E95617091DEDFD9400DB88AA = {
			isa = PBXGroup;
			children = (
				E95617141DEDFD9400DB88AA /* arquitectura */,
				E95617131DEDFD9400DB88AA /* Products */,
			);
			sourceTree = "<group>";
		};
		E95617131DEDFD9400DB88AA /* Products */ = {
			isa = PBXGroup;
			children = (
				E95617121DEDFD9400DB88AA /* arquitectura */,
			);
			name = Products;
			sourceTree = "<group>";
		};
		E95617141DEDFD9400DB88AA /* arquitectura */ = {
			isa = PBXGroup;
			children = (
				E956171C1DEDFDDD00DB88AA /* components */,
				E95617211DEDFDDD00DB88AA /* objetos */,
				E95617151DEDFD9400DB88AA /* main.cpp */,
			);
			path = arquitectura;
			sourceTree = "<group>";
		};
		E956171C1DEDFDDD00DB88AA /* components */ = {
			isa = PBXGroup;
			children = (
				E95617391DEDFE4F00DB88AA /* component.cpp */,
				E956173A1DEDFE4F00DB88AA /* component.hpp */,
				E956171D1DEDFDDD00DB88AA /* armasDisparo.cpp */,
				E956171E1DEDFDDD00DB88AA /* armasDisparo.hpp */,
				E956171F1DEDFDDD00DB88AA /* input.cpp */,
				E95617201DEDFDDD00DB88AA /* input.hpp */,
				886BEC311DEDFFA100F45A7D /* pala.cpp */,
				886BEC321DEDFFA100F45A7D /* pala.hpp */,
				886BEC341DEDFFCE00F45A7D /* armasArrojadizas.cpp */,
				886BEC351DEDFFCE00F45A7D /* armasArrojadizas.hpp */,
				886BEC371DEDFFF900F45A7D /* piedra.cpp */,
				886BEC381DEDFFF900F45A7D /* piedra.hpp */,
				886BEC3A1DEE002300F45A7D /* habilidadEspecial.cpp */,
				886BEC3B1DEE002300F45A7D /* habilidadEspecial.hpp */,
				886BEC3D1DEE006C00F45A7D /* martilloDeJuguete.cpp */,
				886BEC3E1DEE006C00F45A7D /* martilloDeJuguete.hpp */,
				886BEC401DEE00B300F45A7D /* IAEnemigos.cpp */,
				886BEC411DEE00B300F45A7D /* IAEnemigos.hpp */,
				886BEC431DEE010900F45A7D /* sed.cpp */,
				886BEC441DEE010900F45A7D /* sed.hpp */,
				886BEC461DEE013600F45A7D /* hambre.cpp */,
				886BEC471DEE013600F45A7D /* hambre.hpp */,
				886BEC491DEE016100F45A7D /* ataque.cpp */,
				886BEC4A1DEE016100F45A7D /* ataque.hpp */,
				886BEC4C1DEE01A300F45A7D /* IACamara.cpp */,
				886BEC4D1DEE01A300F45A7D /* IACamara.hpp */,
				886BEC4F1DEE01D700F45A7D /* Physics.cpp */,
				886BEC501DEE01D700F45A7D /* Physics.hpp */,
				886BEC521DEE020800F45A7D /* position.cpp */,
				886BEC531DEE020800F45A7D /* position.hpp */,
				886BEC551DEE023700F45A7D /* render.cpp */,
				886BEC561DEE023700F45A7D /* render.hpp */,
			);
			path = components;
			sourceTree = "<group>";
		};
		E95617211DEDFDDD00DB88AA /* objetos */ = {
			isa = PBXGroup;
			children = (
				E956173C1DEDFE5600DB88AA /* GameObject.cpp */,
				E956173D1DEDFE5600DB88AA /* GameObject.hpp */,
				E95617221DEDFDDD00DB88AA /* alarma.cpp */,
				E95617231DEDFDDD00DB88AA /* alarma.hpp */,
				E95617241DEDFDDD00DB88AA /* camara.cpp */,
				E95617251DEDFDDD00DB88AA /* camara.hpp */,
				E95617261DEDFDDD00DB88AA /* enemigos.cpp */,
				E95617271DEDFDDD00DB88AA /* enemigos.hpp */,
				E95617281DEDFDDD00DB88AA /* escenarios.cpp */,
				E95617291DEDFDDD00DB88AA /* escenarios.hpp */,
				E956172A1DEDFDDD00DB88AA /* monedas.cpp */,
				E956172B1DEDFDDD00DB88AA /* monedas.hpp */,
				E956172C1DEDFDDD00DB88AA /* player.cpp */,
				E956172D1DEDFDDD00DB88AA /* player.hpp */,
				E956172E1DEDFDDD00DB88AA /* puerta.cpp */,
				E956172F1DEDFDDD00DB88AA /* puerta.hpp */,
			);
			path = objetos;
			sourceTree = "<group>";
		};
/* End PBXGroup section */

/* Begin PBXNativeTarget section */
		E95617111DEDFD9400DB88AA /* arquitectura */ = {
			isa = PBXNativeTarget;
			buildConfigurationList = E95617191DEDFD9400DB88AA /* Build configuration list for PBXNativeTarget "arquitectura" */;
			buildPhases = (
				E956170E1DEDFD9400DB88AA /* Sources */,
				E956170F1DEDFD9400DB88AA /* Frameworks */,
				E95617101DEDFD9400DB88AA /* CopyFiles */,
			);
			buildRules = (
			);
			dependencies = (
			);
			name = arquitectura;
			productName = arquitectura;
			productReference = E95617121DEDFD9400DB88AA /* arquitectura */;
			productType = "com.apple.product-type.tool";
		};
/* End PBXNativeTarget section */

/* Begin PBXProject section */
		E956170A1DEDFD9400DB88AA /* Project object */ = {
			isa = PBXProject;
			attributes = {
				LastUpgradeCheck = 0800;
				ORGANIZATIONNAME = "Stoycho Ivanov Atanasov";
				TargetAttributes = {
					E95617111DEDFD9400DB88AA = {
						CreatedOnToolsVersion = 8.0;
						ProvisioningStyle = Automatic;
					};
				};
			};
			buildConfigurationList = E956170D1DEDFD9400DB88AA /* Build configuration list for PBXProject "arquitectura" */;
			compatibilityVersion = "Xcode 3.2";
			developmentRegion = English;
			hasScannedForEncodings = 0;
			knownRegions = (
				en,
			);
			mainGroup = E95617091DEDFD9400DB88AA;
			productRefGroup = E95617131DEDFD9400DB88AA /* Products */;
			projectDirPath = "";
			projectRoot = "";
			targets = (
				E95617111DEDFD9400DB88AA /* arquitectura */,
			);
		};
/* End PBXProject section */

/* Begin PBXSourcesBuildPhase section */
		E956170E1DEDFD9400DB88AA /* Sources */ = {
			isa = PBXSourcesBuildPhase;
			buildActionMask = 2147483647;
			files = (
				886BEC391DEDFFF900F45A7D /* piedra.cpp in Sources */,
				E95617161DEDFD9400DB88AA /* main.cpp in Sources */,
				886BEC541DEE020800F45A7D /* position.cpp in Sources */,
				886BEC481DEE013600F45A7D /* hambre.cpp in Sources */,
				E95617321DEDFDDD00DB88AA /* alarma.cpp in Sources */,
				886BEC331DEDFFA100F45A7D /* pala.cpp in Sources */,
				E95617371DEDFDDD00DB88AA /* player.cpp in Sources */,
				E95617301DEDFDDD00DB88AA /* armasDisparo.cpp in Sources */,
				E95617361DEDFDDD00DB88AA /* monedas.cpp in Sources */,
				886BEC4E1DEE01A300F45A7D /* IACamara.cpp in Sources */,
				E95617311DEDFDDD00DB88AA /* input.cpp in Sources */,
				886BEC421DEE00B300F45A7D /* IAEnemigos.cpp in Sources */,
				E95617351DEDFDDD00DB88AA /* escenarios.cpp in Sources */,
				886BEC3F1DEE006C00F45A7D /* martilloDeJuguete.cpp in Sources */,
				886BEC4B1DEE016100F45A7D /* ataque.cpp in Sources */,
				E95617341DEDFDDD00DB88AA /* enemigos.cpp in Sources */,
				E956173E1DEDFE5600DB88AA /* GameObject.cpp in Sources */,
				E95617381DEDFDDD00DB88AA /* puerta.cpp in Sources */,
				E95617331DEDFDDD00DB88AA /* camara.cpp in Sources */,
				886BEC571DEE023700F45A7D /* render.cpp in Sources */,
				886BEC511DEE01D700F45A7D /* Physics.cpp in Sources */,
				886BEC451DEE010900F45A7D /* sed.cpp in Sources */,
				E956173B1DEDFE4F00DB88AA /* component.cpp in Sources */,
				886BEC3C1DEE002300F45A7D /* habilidadEspecial.cpp in Sources */,
				886BEC361DEDFFCE00F45A7D /* armasArrojadizas.cpp in Sources */,
			);
			runOnlyForDeploymentPostprocessing = 0;
		};
/* End PBXSourcesBuildPhase section */

/* Begin XCBuildConfiguration section */
		E95617171DEDFD9400DB88AA /* Debug */ = {
			isa = XCBuildConfiguration;
			buildSettings = {
				ALWAYS_SEARCH_USER_PATHS = NO;
				CLANG_ANALYZER_NONNULL = YES;
				CLANG_CXX_LANGUAGE_STANDARD = "gnu++0x";
				CLANG_CXX_LIBRARY = "libc++";
				CLANG_ENABLE_MODULES = YES;
				CLANG_ENABLE_OBJC_ARC = YES;
				CLANG_WARN_BOOL_CONVERSION = YES;
				CLANG_WARN_CONSTANT_CONVERSION = YES;
				CLANG_WARN_DIRECT_OBJC_ISA_USAGE = YES_ERROR;
				CLANG_WARN_DOCUMENTATION_COMMENTS = YES;
				CLANG_WARN_EMPTY_BODY = YES;
				CLANG_WARN_ENUM_CONVERSION = YES;
				CLANG_WARN_INFINITE_RECURSION = YES;
				CLANG_WARN_INT_CONVERSION = YES;
				CLANG_WARN_OBJC_ROOT_CLASS = YES_ERROR;
				CLANG_WARN_SUSPICIOUS_MOVES = YES;
				CLANG_WARN_UNREACHABLE_CODE = YES;
				CLANG_WARN__DUPLICATE_METHOD_MATCH = YES;
				CODE_SIGN_IDENTITY = "-";
				COPY_PHASE_STRIP = NO;
				DEBUG_INFORMATION_FORMAT = dwarf;
				ENABLE_STRICT_OBJC_MSGSEND = YES;
				ENABLE_TESTABILITY = YES;
				GCC_C_LANGUAGE_STANDARD = gnu99;
				GCC_DYNAMIC_NO_PIC = NO;
				GCC_NO_COMMON_BLOCKS = YES;
				GCC_OPTIMIZATION_LEVEL = 0;
				GCC_PREPROCESSOR_DEFINITIONS = (
					"DEBUG=1",
					"$(inherited)",
				);
				GCC_WARN_64_TO_32_BIT_CONVERSION = YES;
				GCC_WARN_ABOUT_RETURN_TYPE = YES_ERROR;
				GCC_WARN_UNDECLARED_SELECTOR = YES;
				GCC_WARN_UNINITIALIZED_AUTOS = YES_AGGRESSIVE;
				GCC_WARN_UNUSED_FUNCTION = YES;
				GCC_WARN_UNUSED_VARIABLE = YES;
				MACOSX_DEPLOYMENT_TARGET = 10.11;
				MTL_ENABLE_DEBUG_INFO = YES;
				ONLY_ACTIVE_ARCH = YES;
				SDKROOT = macosx;
			};
			name = Debug;
		};
		E95617181DEDFD9400DB88AA /* Release */ = {
			isa = XCBuildConfiguration;
			buildSettings = {
				ALWAYS_SEARCH_USER_PATHS = NO;
				CLANG_ANALYZER_NONNULL = YES;
				CLANG_CXX_LANGUAGE_STANDARD = "gnu++0x";
				CLANG_CXX_LIBRARY = "libc++";
				CLANG_ENABLE_MODULES = YES;
				CLANG_ENABLE_OBJC_ARC = YES;
				CLANG_WARN_BOOL_CONVERSION = YES;
				CLANG_WARN_CONSTANT_CONVERSION = YES;
				CLANG_WARN_DIRECT_OBJC_ISA_USAGE = YES_ERROR;
				CLANG_WARN_DOCUMENTATION_COMMENTS = YES;
				CLANG_WARN_EMPTY_BODY = YES;
				CLANG_WARN_ENUM_CONVERSION = YES;
				CLANG_WARN_INFINITE_RECURSION = YES;
				CLANG_WARN_INT_CONVERSION = YES;
				CLANG_WARN_OBJC_ROOT_CLASS = YES_ERROR;
				CLANG_WARN_SUSPICIOUS_MOVES = YES;
				CLANG_WARN_UNREACHABLE_CODE = YES;
				CLANG_WARN__DUPLICATE_METHOD_MATCH = YES;
				CODE_SIGN_IDENTITY = "-";
				COPY_PHASE_STRIP = NO;
				DEBUG_INFORMATION_FORMAT = "dwarf-with-dsym";
				ENABLE_NS_ASSERTIONS = NO;
				ENABLE_STRICT_OBJC_MSGSEND = YES;
				GCC_C_LANGUAGE_STANDARD = gnu99;
				GCC_NO_COMMON_BLOCKS = YES;
				GCC_WARN_64_TO_32_BIT_CONVERSION = YES;
				GCC_WARN_ABOUT_RETURN_TYPE = YES_ERROR;
				GCC_WARN_UNDECLARED_SELECTOR = YES;
				GCC_WARN_UNINITIALIZED_AUTOS = YES_AGGRESSIVE;
				GCC_WARN_UNUSED_FUNCTION = YES;
				GCC_WARN_UNUSED_VARIABLE = YES;
				MACOSX_DEPLOYMENT_TARGET = 10.11;
				MTL_ENABLE_DEBUG_INFO = NO;
				SDKROOT = macosx;
			};
			name = Release;
		};
		E956171A1DEDFD9400DB88AA /* Debug */ = {
			isa = XCBuildConfiguration;
			buildSettings = {
				PRODUCT_NAME = "$(TARGET_NAME)";
			};
			name = Debug;
		};
		E956171B1DEDFD9400DB88AA /* Release */ = {
			isa = XCBuildConfiguration;
			buildSettings = {
				PRODUCT_NAME = "$(TARGET_NAME)";
			};
			name = Release;
		};
/* End XCBuildConfiguration section */

/* Begin XCConfigurationList section */
		E956170D1DEDFD9400DB88AA /* Build configuration list for PBXProject "arquitectura" */ = {
			isa = XCConfigurationList;
			buildConfigurations = (
				E95617171DEDFD9400DB88AA /* Debug */,
				E95617181DEDFD9400DB88AA /* Release */,
			);
			defaultConfigurationIsVisible = 0;
			defaultConfigurationName = Release;
		};
		E95617191DEDFD9400DB88AA /* Build configuration list for PBXNativeTarget "arquitectura" */ = {
			isa = XCConfigurationList;
			buildConfigurations = (
				E956171A1DEDFD9400DB88AA /* Debug */,
				E956171B1DEDFD9400DB88AA /* Release */,
			);
			defaultConfigurationIsVisible = 0;
			defaultConfigurationName = Release;
		};
/* End XCConfigurationList section */
	};
	rootObject = E956170A1DEDFD9400DB88AA /* Project object */;
}
