
Microsoft Visual Studio Solution File, Format Version 12.00
# Visual Studio 2015
Project("{FAE04EC0-301F-11D3-BF4B-00C04F79EFBC}") = "VesperUnity.Plugins", "VesperUnity.Plugins.csproj", "{7205585B-0E4C-1502-E858-F61017787872}"
EndProject
Project("{FAE04EC0-301F-11D3-BF4B-00C04F79EFBC}") = "VesperUnity", "VesperUnity.csproj", "{CCB952BC-8311-A825-858A-AF7780D5F4DE}"
EndProject
Project("{FAE04EC0-301F-11D3-BF4B-00C04F79EFBC}") = "VesperUnity.Editor.Plugins", "VesperUnity.Editor.Plugins.csproj", "{083D77D6-BD67-7166-751B-82FFDB12D5AF}"
EndProject
Global
	GlobalSection(SolutionConfigurationPlatforms) = preSolution
		Debug|Any CPU = Debug|Any CPU
		Release|Any CPU = Release|Any CPU
	EndGlobalSection
	GlobalSection(ProjectConfigurationPlatforms) = postSolution
		{7205585B-0E4C-1502-E858-F61017787872}.Debug|Any CPU.ActiveCfg = Debug|Any CPU
		{7205585B-0E4C-1502-E858-F61017787872}.Debug|Any CPU.Build.0 = Debug|Any CPU
		{7205585B-0E4C-1502-E858-F61017787872}.Release|Any CPU.ActiveCfg = Release|Any CPU
		{7205585B-0E4C-1502-E858-F61017787872}.Release|Any CPU.Build.0 = Release|Any CPU
		{CCB952BC-8311-A825-858A-AF7780D5F4DE}.Debug|Any CPU.ActiveCfg = Debug|Any CPU
		{CCB952BC-8311-A825-858A-AF7780D5F4DE}.Debug|Any CPU.Build.0 = Debug|Any CPU
		{CCB952BC-8311-A825-858A-AF7780D5F4DE}.Release|Any CPU.ActiveCfg = Release|Any CPU
		{CCB952BC-8311-A825-858A-AF7780D5F4DE}.Release|Any CPU.Build.0 = Release|Any CPU
		{083D77D6-BD67-7166-751B-82FFDB12D5AF}.Debug|Any CPU.ActiveCfg = Debug|Any CPU
		{083D77D6-BD67-7166-751B-82FFDB12D5AF}.Debug|Any CPU.Build.0 = Debug|Any CPU
		{083D77D6-BD67-7166-751B-82FFDB12D5AF}.Release|Any CPU.ActiveCfg = Release|Any CPU
		{083D77D6-BD67-7166-751B-82FFDB12D5AF}.Release|Any CPU.Build.0 = Release|Any CPU
	EndGlobalSection
	GlobalSection(SolutionProperties) = preSolution
		HideSolutionNode = FALSE
	EndGlobalSection
EndGlobal
